
Microsoft Visual Studio Solution File, Format Version 12.00
# Visual Studio Version 17
VisualStudioVersion = 17.3.32825.248
MinimumVisualStudioVersion = 10.0.40219.1
Project("{FAE04EC0-301F-11D3-BF4B-00C04F79EFBC}") = "Uppfinnar3n", "Uppfinnar3n\Uppfinnar3n.csproj", "{9FB8BF6A-D57C-4E39-AA1C-088FEEB4D255}"
EndProject
Global
	GlobalSection(SolutionConfigurationPlatforms) = preSolution
		Debug|Any CPU = Debug|Any CPU
		Release|Any CPU = Release|Any CPU
	EndGlobalSection
	GlobalSection(ProjectConfigurationPlatforms) = postSolution
		{9FB8BF6A-D57C-4E39-AA1C-088FEEB4D255}.Debug|Any CPU.ActiveCfg = Debug|Any CPU
		{9FB8BF6A-D57C-4E39-AA1C-088FEEB4D255}.Debug|Any CPU.Build.0 = Debug|Any CPU
		{9FB8BF6A-D57C-4E39-AA1C-088FEEB4D255}.Release|Any CPU.ActiveCfg = Release|Any CPU
		{9FB8BF6A-D57C-4E39-AA1C-088FEEB4D255}.Release|Any CPU.Build.0 = Release|Any CPU
	EndGlobalSection
	GlobalSection(SolutionProperties) = preSolution
		HideSolutionNode = FALSE
	EndGlobalSection
	GlobalSection(ExtensibilityGlobals) = postSolution
		SolutionGuid = {96657778-979A-48D8-85A1-402E2A3648BF}
	EndGlobalSection
EndGlobal
